
Microsoft Visual Studio Solution File, Format Version 12.00
# Visual Studio Version 17
VisualStudioVersion = 17.0.32014.148
MinimumVisualStudioVersion = 10.0.40219.1
Project("{9A19103F-16F7-4668-BE54-9A1E7A4F7556}") = "Gettr.ConsoleApp", "Gettr.ConsoleApp\Gettr.ConsoleApp.csproj", "{52E661AE-9A93-41F2-B59A-9DE98A918CBF}"
EndProject
Project("{9A19103F-16F7-4668-BE54-9A1E7A4F7556}") = "Gettr.Api", "Gettr.Api\Gettr.Api.csproj", "{66D3C7A8-DF0F-4426-BAFA-4887B9251B87}"
EndProject
Global
	GlobalSection(SolutionConfigurationPlatforms) = preSolution
		Debug|Any CPU = Debug|Any CPU
		Release|Any CPU = Release|Any CPU
	EndGlobalSection
	GlobalSection(ProjectConfigurationPlatforms) = postSolution
		{52E661AE-9A93-41F2-B59A-9DE98A918CBF}.Debug|Any CPU.ActiveCfg = Debug|Any CPU
		{52E661AE-9A93-41F2-B59A-9DE98A918CBF}.Debug|Any CPU.Build.0 = Debug|Any CPU
		{52E661AE-9A93-41F2-B59A-9DE98A918CBF}.Release|Any CPU.ActiveCfg = Release|Any CPU
		{52E661AE-9A93-41F2-B59A-9DE98A918CBF}.Release|Any CPU.Build.0 = Release|Any CPU
		{66D3C7A8-DF0F-4426-BAFA-4887B9251B87}.Debug|Any CPU.ActiveCfg = Debug|Any CPU
		{66D3C7A8-DF0F-4426-BAFA-4887B9251B87}.Debug|Any CPU.Build.0 = Debug|Any CPU
		{66D3C7A8-DF0F-4426-BAFA-4887B9251B87}.Release|Any CPU.ActiveCfg = Release|Any CPU
		{66D3C7A8-DF0F-4426-BAFA-4887B9251B87}.Release|Any CPU.Build.0 = Release|Any CPU
	EndGlobalSection
	GlobalSection(SolutionProperties) = preSolution
		HideSolutionNode = FALSE
	EndGlobalSection
	GlobalSection(ExtensibilityGlobals) = postSolution
		SolutionGuid = {9AE9A850-F905-4FAD-83C7-E49049B019FF}
	EndGlobalSection
EndGlobal
